
Microsoft Visual Studio Solution File, Format Version 12.00
# Visual Studio Version 16
VisualStudioVersion = 16.0.30413.136
MinimumVisualStudioVersion = 10.0.40219.1
Project("{FAE04EC0-301F-11D3-BF4B-00C04F79EFBC}") = "ShinNiz", "ShinNiz.csproj", "{308C53B4-4CDE-4CE3-8F2E-A8D14445780F}"
EndProject
Global
	GlobalSection(SolutionConfigurationPlatforms) = preSolution
		Debug|Any CPU = Debug|Any CPU
		Release|Any CPU = Release|Any CPU
	EndGlobalSection
	GlobalSection(ProjectConfigurationPlatforms) = postSolution
		{308C53B4-4CDE-4CE3-8F2E-A8D14445780F}.Debug|Any CPU.ActiveCfg = Debug|Any CPU
		{308C53B4-4CDE-4CE3-8F2E-A8D14445780F}.Debug|Any CPU.Build.0 = Debug|Any CPU
		{308C53B4-4CDE-4CE3-8F2E-A8D14445780F}.Release|Any CPU.ActiveCfg = Release|Any CPU
		{308C53B4-4CDE-4CE3-8F2E-A8D14445780F}.Release|Any CPU.Build.0 = Release|Any CPU
	EndGlobalSection
	GlobalSection(SolutionProperties) = preSolution
		HideSolutionNode = FALSE
	EndGlobalSection
	GlobalSection(ExtensibilityGlobals) = postSolution
		SolutionGuid = {B056A0AB-C301-4A6D-9C60-48FAD397E026}
	EndGlobalSection
EndGlobal
